
Microsoft Visual Studio Solution File, Format Version 12.00
# Visual Studio 2015
Project("{FAE04EC0-301F-11D3-BF4B-00C04F79EFBC}") = "SimpleUnityPhysics", "SimpleUnityPhysics.csproj", "{DEE576F2-76CD-367A-7AD3-B7B875E971EE}"
EndProject
Global
	GlobalSection(SolutionConfigurationPlatforms) = preSolution
		Debug|Any CPU = Debug|Any CPU
		Release|Any CPU = Release|Any CPU
	EndGlobalSection
	GlobalSection(ProjectConfigurationPlatforms) = postSolution
		{DEE576F2-76CD-367A-7AD3-B7B875E971EE}.Debug|Any CPU.ActiveCfg = Debug|Any CPU
		{DEE576F2-76CD-367A-7AD3-B7B875E971EE}.Debug|Any CPU.Build.0 = Debug|Any CPU
		{DEE576F2-76CD-367A-7AD3-B7B875E971EE}.Release|Any CPU.ActiveCfg = Release|Any CPU
		{DEE576F2-76CD-367A-7AD3-B7B875E971EE}.Release|Any CPU.Build.0 = Release|Any CPU
	EndGlobalSection
	GlobalSection(SolutionProperties) = preSolution
		HideSolutionNode = FALSE
	EndGlobalSection
EndGlobal
